
Microsoft Visual Studio Solution File, Format Version 12.00
# Visual Studio Version 16
VisualStudioVersion = 16.0.31129.286
MinimumVisualStudioVersion = 10.0.40219.1
Project("{FAE04EC0-301F-11D3-BF4B-00C04F79EFBC}") = "SuperShop", "SuperShop\SuperShop.csproj", "{CE4626A2-F346-4F33-BCC9-C371C2B4BAF7}"
EndProject
Global
	GlobalSection(SolutionConfigurationPlatforms) = preSolution
		Debug|Any CPU = Debug|Any CPU
		Release|Any CPU = Release|Any CPU
	EndGlobalSection
	GlobalSection(ProjectConfigurationPlatforms) = postSolution
		{CE4626A2-F346-4F33-BCC9-C371C2B4BAF7}.Debug|Any CPU.ActiveCfg = Debug|Any CPU
		{CE4626A2-F346-4F33-BCC9-C371C2B4BAF7}.Debug|Any CPU.Build.0 = Debug|Any CPU
		{CE4626A2-F346-4F33-BCC9-C371C2B4BAF7}.Release|Any CPU.ActiveCfg = Release|Any CPU
		{CE4626A2-F346-4F33-BCC9-C371C2B4BAF7}.Release|Any CPU.Build.0 = Release|Any CPU
	EndGlobalSection
	GlobalSection(SolutionProperties) = preSolution
		HideSolutionNode = FALSE
	EndGlobalSection
	GlobalSection(ExtensibilityGlobals) = postSolution
		SolutionGuid = {2B36C459-99BC-4B7C-A3F6-40F6DD8B29E1}
	EndGlobalSection
EndGlobal
